
Microsoft Visual Studio Solution File, Format Version 12.00
# Visual Studio Version 16
VisualStudioVersion = 16.0.29728.190
MinimumVisualStudioVersion = 10.0.40219.1
Project("{FAE04EC0-301F-11D3-BF4B-00C04F79EFBC}") = "Aula-30-Funcoes", "Aula-30-Funcoes\Aula-30-Funcoes.csproj", "{B8ECA7FC-C2CB-4914-8E13-179C531DDF70}"
EndProject
Global
	GlobalSection(SolutionConfigurationPlatforms) = preSolution
		Debug|Any CPU = Debug|Any CPU
		Release|Any CPU = Release|Any CPU
	EndGlobalSection
	GlobalSection(ProjectConfigurationPlatforms) = postSolution
		{B8ECA7FC-C2CB-4914-8E13-179C531DDF70}.Debug|Any CPU.ActiveCfg = Debug|Any CPU
		{B8ECA7FC-C2CB-4914-8E13-179C531DDF70}.Debug|Any CPU.Build.0 = Debug|Any CPU
		{B8ECA7FC-C2CB-4914-8E13-179C531DDF70}.Release|Any CPU.ActiveCfg = Release|Any CPU
		{B8ECA7FC-C2CB-4914-8E13-179C531DDF70}.Release|Any CPU.Build.0 = Release|Any CPU
	EndGlobalSection
	GlobalSection(SolutionProperties) = preSolution
		HideSolutionNode = FALSE
	EndGlobalSection
	GlobalSection(ExtensibilityGlobals) = postSolution
		SolutionGuid = {BED097F0-9F9C-4CFB-8692-A80FCB676D66}
	EndGlobalSection
EndGlobal
