
Microsoft Visual Studio Solution File, Format Version 12.00
# Visual Studio Version 16
VisualStudioVersion = 16.0.29728.190
MinimumVisualStudioVersion = 10.0.40219.1
Project("{FAE04EC0-301F-11D3-BF4B-00C04F79EFBC}") = "Aula-27-IfElse", "Aula-27-IfElse\Aula-27-IfElse.csproj", "{68B221D6-D794-4EAC-90C0-1B76DB73CEFE}"
EndProject
Global
	GlobalSection(SolutionConfigurationPlatforms) = preSolution
		Debug|Any CPU = Debug|Any CPU
		Release|Any CPU = Release|Any CPU
	EndGlobalSection
	GlobalSection(ProjectConfigurationPlatforms) = postSolution
		{68B221D6-D794-4EAC-90C0-1B76DB73CEFE}.Debug|Any CPU.ActiveCfg = Debug|Any CPU
		{68B221D6-D794-4EAC-90C0-1B76DB73CEFE}.Debug|Any CPU.Build.0 = Debug|Any CPU
		{68B221D6-D794-4EAC-90C0-1B76DB73CEFE}.Release|Any CPU.ActiveCfg = Release|Any CPU
		{68B221D6-D794-4EAC-90C0-1B76DB73CEFE}.Release|Any CPU.Build.0 = Release|Any CPU
	EndGlobalSection
	GlobalSection(SolutionProperties) = preSolution
		HideSolutionNode = FALSE
	EndGlobalSection
	GlobalSection(ExtensibilityGlobals) = postSolution
		SolutionGuid = {2CBD808B-8805-4B60-87AA-21F4DC69F96F}
	EndGlobalSection
EndGlobal
