
Microsoft Visual Studio Solution File, Format Version 12.00
# Visual Studio Version 16
VisualStudioVersion = 16.0.29728.190
MinimumVisualStudioVersion = 10.0.40219.1
Project("{FAE04EC0-301F-11D3-BF4B-00C04F79EFBC}") = "Aula-25-OperadoresComparativos", "Aula-25-OperadoresComparativos\Aula-25-OperadoresComparativos.csproj", "{591968D2-CE45-4CC4-9A01-18F093BC042F}"
EndProject
Global
	GlobalSection(SolutionConfigurationPlatforms) = preSolution
		Debug|Any CPU = Debug|Any CPU
		Release|Any CPU = Release|Any CPU
	EndGlobalSection
	GlobalSection(ProjectConfigurationPlatforms) = postSolution
		{591968D2-CE45-4CC4-9A01-18F093BC042F}.Debug|Any CPU.ActiveCfg = Debug|Any CPU
		{591968D2-CE45-4CC4-9A01-18F093BC042F}.Debug|Any CPU.Build.0 = Debug|Any CPU
		{591968D2-CE45-4CC4-9A01-18F093BC042F}.Release|Any CPU.ActiveCfg = Release|Any CPU
		{591968D2-CE45-4CC4-9A01-18F093BC042F}.Release|Any CPU.Build.0 = Release|Any CPU
	EndGlobalSection
	GlobalSection(SolutionProperties) = preSolution
		HideSolutionNode = FALSE
	EndGlobalSection
	GlobalSection(ExtensibilityGlobals) = postSolution
		SolutionGuid = {0C333EE4-8B7F-4677-B452-6B50168FBEE0}
	EndGlobalSection
EndGlobal
