
Microsoft Visual Studio Solution File, Format Version 12.00
# Visual Studio Version 16
VisualStudioVersion = 16.0.29806.167
MinimumVisualStudioVersion = 10.0.40219.1
Project("{FAE04EC0-301F-11D3-BF4B-00C04F79EFBC}") = "Aula-70-Ex1.AluguelQuartos", "Aula-70-Ex1.AluguelQuartos\Aula-70-Ex1.AluguelQuartos.csproj", "{FEEE58E5-E30D-4F62-A30A-B5A1CA5C000B}"
EndProject
Global
	GlobalSection(SolutionConfigurationPlatforms) = preSolution
		Debug|Any CPU = Debug|Any CPU
		Release|Any CPU = Release|Any CPU
	EndGlobalSection
	GlobalSection(ProjectConfigurationPlatforms) = postSolution
		{FEEE58E5-E30D-4F62-A30A-B5A1CA5C000B}.Debug|Any CPU.ActiveCfg = Debug|Any CPU
		{FEEE58E5-E30D-4F62-A30A-B5A1CA5C000B}.Debug|Any CPU.Build.0 = Debug|Any CPU
		{FEEE58E5-E30D-4F62-A30A-B5A1CA5C000B}.Release|Any CPU.ActiveCfg = Release|Any CPU
		{FEEE58E5-E30D-4F62-A30A-B5A1CA5C000B}.Release|Any CPU.Build.0 = Release|Any CPU
	EndGlobalSection
	GlobalSection(SolutionProperties) = preSolution
		HideSolutionNode = FALSE
	EndGlobalSection
	GlobalSection(ExtensibilityGlobals) = postSolution
		SolutionGuid = {BA12C099-4593-4D90-8250-249F087CB70B}
	EndGlobalSection
EndGlobal
